<Solution>
  <Project Path="CSI Modelling Tools.csproj" />
  <Project Path="Tests/CotArchGeometryRegression/CotArchGeometryRegression.csproj" />
  <Project Path="Tests/ModelCompareRegression/ModelCompareRegression.csproj" />
  <Project Path="Tests/ParametricTrussRegression/ParametricTrussRegression.csproj" />
</Solution>
